// !$*UTF8*$!
{
	archiveVersion = 1;
	classes = {
	};
	objectVersion = 55;
	objects = {

/* Begin PBXBuildFile section */
		AC235A83280A70BA005E6674 /* AppDelegate.swift in Sources */ = {isa = PBXBuildFile; fileRef = AC235A82280A70BA005E6674 /* AppDelegate.swift */; };
		AC235A85280A70BA005E6674 /* SceneDelegate.swift in Sources */ = {isa = PBXBuildFile; fileRef = AC235A84280A70BA005E6674 /* SceneDelegate.swift */; };
		AC235A87280A70BA005E6674 /* ViewController.swift in Sources */ = {isa = PBXBuildFile; fileRef = AC235A86280A70BA005E6674 /* ViewController.swift */; };
		AC235A8A280A70BA005E6674 /* Main.storyboard in Resources */ = {isa = PBXBuildFile; fileRef = AC235A88280A70BA005E6674 /* Main.storyboard */; };
		AC235A8C280A70BC005E6674 /* Assets.xcassets in Resources */ = {isa = PBXBuildFile; fileRef = AC235A8B280A70BC005E6674 /* Assets.xcassets */; };
		AC235A8F280A70BC005E6674 /* LaunchScreen.storyboard in Resources */ = {isa = PBXBuildFile; fileRef = AC235A8D280A70BC005E6674 /* LaunchScreen.storyboard */; };
		AC235A9A280A70BC005E6674 /* GoRacingTests.swift in Sources */ = {isa = PBXBuildFile; fileRef = AC235A99280A70BC005E6674 /* GoRacingTests.swift */; };
		AC235AA4280A70BC005E6674 /* GoRacingUITests.swift in Sources */ = {isa = PBXBuildFile; fileRef = AC235AA3280A70BC005E6674 /* GoRacingUITests.swift */; };
		AC235AA6280A70BC005E6674 /* GoRacingUITestsLaunchTests.swift in Sources */ = {isa = PBXBuildFile; fileRef = AC235AA5280A70BC005E6674 /* GoRacingUITestsLaunchTests.swift */; };
/* End PBXBuildFile section */

/* Begin PBXContainerItemProxy section */
		AC235A96280A70BC005E6674 /* PBXContainerItemProxy */ = {
			isa = PBXContainerItemProxy;
			containerPortal = AC235A77280A70BA005E6674 /* Project object */;
			proxyType = 1;
			remoteGlobalIDString = AC235A7E280A70BA005E6674;
			remoteInfo = GoRacing;
		};
		AC235AA0280A70BC005E6674 /* PBXContainerItemProxy */ = {
			isa = PBXContainerItemProxy;
			containerPortal = AC235A77280A70BA005E6674 /* Project object */;
			proxyType = 1;
			remoteGlobalIDString = AC235A7E280A70BA005E6674;
			remoteInfo = GoRacing;
		};
/* End PBXContainerItemProxy section */

/* Begin PBXFileReference section */
		AC235A7F280A70BA005E6674 /* GoRacing.app */ = {isa = PBXFileReference; explicitFileType = wrapper.application; includeInIndex = 0; path = GoRacing.app; sourceTree = BUILT_PRODUCTS_DIR; };
		AC235A82280A70BA005E6674 /* AppDelegate.swift */ = {isa = PBXFileReference; lastKnownFileType = sourcecode.swift; path = AppDelegate.swift; sourceTree = "<group>"; };
		AC235A84280A70BA005E6674 /* SceneDelegate.swift */ = {isa = PBXFileReference; lastKnownFileType = sourcecode.swift; path = SceneDelegate.swift; sourceTree = "<group>"; };
		AC235A86280A70BA005E6674 /* ViewController.swift */ = {isa = PBXFileReference; lastKnownFileType = sourcecode.swift; path = ViewController.swift; sourceTree = "<group>"; };
		AC235A89280A70BA005E6674 /* Base */ = {isa = PBXFileReference; lastKnownFileType = file.storyboard; name = Base; path = Base.lproj/Main.storyboard; sourceTree = "<group>"; };
		AC235A8B280A70BC005E6674 /* Assets.xcassets */ = {isa = PBXFileReference; lastKnownFileType = folder.assetcatalog; path = Assets.xcassets; sourceTree = "<group>"; };
		AC235A8E280A70BC005E6674 /* Base */ = {isa = PBXFileReference; lastKnownFileType = file.storyboard; name = Base; path = Base.lproj/LaunchScreen.storyboard; sourceTree = "<group>"; };
		AC235A90280A70BC005E6674 /* Info.plist */ = {isa = PBXFileReference; lastKnownFileType = text.plist.xml; path = Info.plist; sourceTree = "<group>"; };
		AC235A95280A70BC005E6674 /* GoRacingTests.xctest */ = {isa = PBXFileReference; explicitFileType = wrapper.cfbundle; includeInIndex = 0; path = GoRacingTests.xctest; sourceTree = BUILT_PRODUCTS_DIR; };
		AC235A99280A70BC005E6674 /* GoRacingTests.swift */ = {isa = PBXFileReference; lastKnownFileType = sourcecode.swift; path = GoRacingTests.swift; sourceTree = "<group>"; };
		AC235A9F280A70BC005E6674 /* GoRacingUITests.xctest */ = {isa = PBXFileReference; explicitFileType = wrapper.cfbundle; includeInIndex = 0; path = GoRacingUITests.xctest; sourceTree = BUILT_PRODUCTS_DIR; };
		AC235AA3280A70BC005E6674 /* GoRacingUITests.swift */ = {isa = PBXFileReference; lastKnownFileType = sourcecode.swift; path = GoRacingUITests.swift; sourceTree = "<group>"; };
		AC235AA5280A70BC005E6674 /* GoRacingUITestsLaunchTests.swift */ = {isa = PBXFileReference; lastKnownFileType = sourcecode.swift; path = GoRacingUITestsLaunchTests.swift; sourceTree = "<group>"; };
/* End PBXFileReference section */

/* Begin PBXFrameworksBuildPhase section */
		AC235A7C280A70BA005E6674 /* Frameworks */ = {
			isa = PBXFrameworksBuildPhase;
			buildActionMask = 2147483647;
			files = (
			);
			runOnlyForDeploymentPostprocessing = 0;
		};
		AC235A92280A70BC005E6674 /* Frameworks */ = {
			isa = PBXFrameworksBuildPhase;
			buildActionMask = 2147483647;
			files = (
			);
			runOnlyForDeploymentPostprocessing = 0;
		};
		AC235A9C280A70BC005E6674 /* Frameworks */ = {
			isa = PBXFrameworksBuildPhase;
			buildActionMask = 2147483647;
			files = (
			);
			runOnlyForDeploymentPostprocessing = 0;
		};
/* End PBXFrameworksBuildPhase section */

/* Begin PBXGroup section */
		AC235A76280A70BA005E6674 = {
			isa = PBXGroup;
			children = (
				AC235A81280A70BA005E6674 /* GoRacing */,
				AC235A98280A70BC005E6674 /* GoRacingTests */,
				AC235AA2280A70BC005E6674 /* GoRacingUITests */,
				AC235A80280A70BA005E6674 /* Products */,
			);
			sourceTree = "<group>";
		};
		AC235A80280A70BA005E6674 /* Products */ = {
			isa = PBXGroup;
			children = (
				AC235A7F280A70BA005E6674 /* GoRacing.app */,
				AC235A95280A70BC005E6674 /* GoRacingTests.xctest */,
				AC235A9F280A70BC005E6674 /* GoRacingUITests.xctest */,
			);
			name = Products;
			sourceTree = "<group>";
		};
		AC235A81280A70BA005E6674 /* GoRacing */ = {
			isa = PBXGroup;
			children = (
				AC235A82280A70BA005E6674 /* AppDelegate.swift */,
				AC235A84280A70BA005E6674 /* SceneDelegate.swift */,
				AC235A86280A70BA005E6674 /* ViewController.swift */,
				AC235A88280A70BA005E6674 /* Main.storyboard */,
				AC235A8B280A70BC005E6674 /* Assets.xcassets */,
				AC235A8D280A70BC005E6674 /* LaunchScreen.storyboard */,
				AC235A90280A70BC005E6674 /* Info.plist */,
			);
			path = GoRacing;
			sourceTree = "<group>";
		};
		AC235A98280A70BC005E6674 /* GoRacingTests */ = {
			isa = PBXGroup;
			children = (
				AC235A99280A70BC005E6674 /* GoRacingTests.swift */,
			);
			path = GoRacingTests;
			sourceTree = "<group>";
		};
		AC235AA2280A70BC005E6674 /* GoRacingUITests */ = {
			isa = PBXGroup;
			children = (
				AC235AA3280A70BC005E6674 /* GoRacingUITests.swift */,
				AC235AA5280A70BC005E6674 /* GoRacingUITestsLaunchTests.swift */,
			);
			path = GoRacingUITests;
			sourceTree = "<group>";
		};
/* End PBXGroup section */

/* Begin PBXNativeTarget section */
		AC235A7E280A70BA005E6674 /* GoRacing */ = {
			isa = PBXNativeTarget;
			buildConfigurationList = AC235AA9280A70BC005E6674 /* Build configuration list for PBXNativeTarget "GoRacing" */;
			buildPhases = (
				AC235A7B280A70BA005E6674 /* Sources */,
				AC235A7C280A70BA005E6674 /* Frameworks */,
				AC235A7D280A70BA005E6674 /* Resources */,
			);
			buildRules = (
			);
			dependencies = (
			);
			name = GoRacing;
			productName = GoRacing;
			productReference = AC235A7F280A70BA005E6674 /* GoRacing.app */;
			productType = "com.apple.product-type.application";
		};
		AC235A94280A70BC005E6674 /* GoRacingTests */ = {
			isa = PBXNativeTarget;
			buildConfigurationList = AC235AAC280A70BC005E6674 /* Build configuration list for PBXNativeTarget "GoRacingTests" */;
			buildPhases = (
				AC235A91280A70BC005E6674 /* Sources */,
				AC235A92280A70BC005E6674 /* Frameworks */,
				AC235A93280A70BC005E6674 /* Resources */,
			);
			buildRules = (
			);
			dependencies = (
				AC235A97280A70BC005E6674 /* PBXTargetDependency */,
			);
			name = GoRacingTests;
			productName = GoRacingTests;
			productReference = AC235A95280A70BC005E6674 /* GoRacingTests.xctest */;
			productType = "com.apple.product-type.bundle.unit-test";
		};
		AC235A9E280A70BC005E6674 /* GoRacingUITests */ = {
			isa = PBXNativeTarget;
			buildConfigurationList = AC235AAF280A70BC005E6674 /* Build configuration list for PBXNativeTarget "GoRacingUITests" */;
			buildPhases = (
				AC235A9B280A70BC005E6674 /* Sources */,
				AC235A9C280A70BC005E6674 /* Frameworks */,
				AC235A9D280A70BC005E6674 /* Resources */,
			);
			buildRules = (
			);
			dependencies = (
				AC235AA1280A70BC005E6674 /* PBXTargetDependency */,
			);
			name = GoRacingUITests;
			productName = GoRacingUITests;
			productReference = AC235A9F280A70BC005E6674 /* GoRacingUITests.xctest */;
			productType = "com.apple.product-type.bundle.ui-testing";
		};
/* End PBXNativeTarget section */

/* Begin PBXProject section */
		AC235A77280A70BA005E6674 /* Project object */ = {
			isa = PBXProject;
			attributes = {
				BuildIndependentTargetsInParallel = 1;
				LastSwiftUpdateCheck = 1330;
				LastUpgradeCheck = 1330;
				TargetAttributes = {
					AC235A7E280A70BA005E6674 = {
						CreatedOnToolsVersion = 13.3;
					};
					AC235A94280A70BC005E6674 = {
						CreatedOnToolsVersion = 13.3;
						TestTargetID = AC235A7E280A70BA005E6674;
					};
					AC235A9E280A70BC005E6674 = {
						CreatedOnToolsVersion = 13.3;
						TestTargetID = AC235A7E280A70BA005E6674;
					};
				};
			};
			buildConfigurationList = AC235A7A280A70BA005E6674 /* Build configuration list for PBXProject "GoRacing" */;
			compatibilityVersion = "Xcode 13.0";
			developmentRegion = en;
			hasScannedForEncodings = 0;
			knownRegions = (
				en,
				Base,
			);
			mainGroup = AC235A76280A70BA005E6674;
			productRefGroup = AC235A80280A70BA005E6674 /* Products */;
			projectDirPath = "";
			projectRoot = "";
			targets = (
				AC235A7E280A70BA005E6674 /* GoRacing */,
				AC235A94280A70BC005E6674 /* GoRacingTests */,
				AC235A9E280A70BC005E6674 /* GoRacingUITests */,
			);
		};
/* End PBXProject section */

/* Begin PBXResourcesBuildPhase section */
		AC235A7D280A70BA005E6674 /* Resources */ = {
			isa = PBXResourcesBuildPhase;
			buildActionMask = 2147483647;
			files = (
				AC235A8F280A70BC005E6674 /* LaunchScreen.storyboard in Resources */,
				AC235A8C280A70BC005E6674 /* Assets.xcassets in Resources */,
				AC235A8A280A70BA005E6674 /* Main.storyboard in Resources */,
			);
			runOnlyForDeploymentPostprocessing = 0;
		};
		AC235A93280A70BC005E6674 /* Resources */ = {
			isa = PBXResourcesBuildPhase;
			buildActionMask = 2147483647;
			files = (
			);
			runOnlyForDeploymentPostprocessing = 0;
		};
		AC235A9D280A70BC005E6674 /* Resources */ = {
			isa = PBXResourcesBuildPhase;
			buildActionMask = 2147483647;
			files = (
			);
			runOnlyForDeploymentPostprocessing = 0;
		};
/* End PBXResourcesBuildPhase section */

/* Begin PBXSourcesBuildPhase section */
		AC235A7B280A70BA005E6674 /* Sources */ = {
			isa = PBXSourcesBuildPhase;
			buildActionMask = 2147483647;
			files = (
				AC235A87280A70BA005E6674 /* ViewController.swift in Sources */,
				AC235A83280A70BA005E6674 /* AppDelegate.swift in Sources */,
				AC235A85280A70BA005E6674 /* SceneDelegate.swift in Sources */,
			);
			runOnlyForDeploymentPostprocessing = 0;
		};
		AC235A91280A70BC005E6674 /* Sources */ = {
			isa = PBXSourcesBuildPhase;
			buildActionMask = 2147483647;
			files = (
				AC235A9A280A70BC005E6674 /* GoRacingTests.swift in Sources */,
			);
			runOnlyForDeploymentPostprocessing = 0;
		};
		AC235A9B280A70BC005E6674 /* Sources */ = {
			isa = PBXSourcesBuildPhase;
			buildActionMask = 2147483647;
			files = (
				AC235AA6280A70BC005E6674 /* GoRacingUITestsLaunchTests.swift in Sources */,
				AC235AA4280A70BC005E6674 /* GoRacingUITests.swift in Sources */,
			);
			runOnlyForDeploymentPostprocessing = 0;
		};
/* End PBXSourcesBuildPhase section */

/* Begin PBXTargetDependency section */
		AC235A97280A70BC005E6674 /* PBXTargetDependency */ = {
			isa = PBXTargetDependency;
			target = AC235A7E280A70BA005E6674 /* GoRacing */;
			targetProxy = AC235A96280A70BC005E6674 /* PBXContainerItemProxy */;
		};
		AC235AA1280A70BC005E6674 /* PBXTargetDependency */ = {
			isa = PBXTargetDependency;
			target = AC235A7E280A70BA005E6674 /* GoRacing */;
			targetProxy = AC235AA0280A70BC005E6674 /* PBXContainerItemProxy */;
		};
/* End PBXTargetDependency section */

/* Begin PBXVariantGroup section */
		AC235A88280A70BA005E6674 /* Main.storyboard */ = {
			isa = PBXVariantGroup;
			children = (
				AC235A89280A70BA005E6674 /* Base */,
			);
			name = Main.storyboard;
			sourceTree = "<group>";
		};
		AC235A8D280A70BC005E6674 /* LaunchScreen.storyboard */ = {
			isa = PBXVariantGroup;
			children = (
				AC235A8E280A70BC005E6674 /* Base */,
			);
			name = LaunchScreen.storyboard;
			sourceTree = "<group>";
		};
/* End PBXVariantGroup section */

/* Begin XCBuildConfiguration section */
		AC235AA7280A70BC005E6674 /* Debug */ = {
			isa = XCBuildConfiguration;
			buildSettings = {
				ALWAYS_SEARCH_USER_PATHS = NO;
				CLANG_ANALYZER_NONNULL = YES;
				CLANG_ANALYZER_NUMBER_OBJECT_CONVERSION = YES_AGGRESSIVE;
				CLANG_CXX_LANGUAGE_STANDARD = "gnu++17";
				CLANG_ENABLE_MODULES = YES;
				CLANG_ENABLE_OBJC_ARC = YES;
				CLANG_ENABLE_OBJC_WEAK = YES;
				CLANG_WARN_BLOCK_CAPTURE_AUTORELEASING = YES;
				CLANG_WARN_BOOL_CONVERSION = YES;
				CLANG_WARN_COMMA = YES;
				CLANG_WARN_CONSTANT_CONVERSION = YES;
				CLANG_WARN_DEPRECATED_OBJC_IMPLEMENTATIONS = YES;
				CLANG_WARN_DIRECT_OBJC_ISA_USAGE = YES_ERROR;
				CLANG_WARN_DOCUMENTATION_COMMENTS = YES;
				CLANG_WARN_EMPTY_BODY = YES;
				CLANG_WARN_ENUM_CONVERSION = YES;
				CLANG_WARN_INFINITE_RECURSION = YES;
				CLANG_WARN_INT_CONVERSION = YES;
				CLANG_WARN_NON_LITERAL_NULL_CONVERSION = YES;
				CLANG_WARN_OBJC_IMPLICIT_RETAIN_SELF = YES;
				CLANG_WARN_OBJC_LITERAL_CONVERSION = YES;
				CLANG_WARN_OBJC_ROOT_CLASS = YES_ERROR;
				CLANG_WARN_QUOTED_INCLUDE_IN_FRAMEWORK_HEADER = YES;
				CLANG_WARN_RANGE_LOOP_ANALYSIS = YES;
				CLANG_WARN_STRICT_PROTOTYPES = YES;
				CLANG_WARN_SUSPICIOUS_MOVE = YES;
				CLANG_WARN_UNGUARDED_AVAILABILITY = YES_AGGRESSIVE;
				CLANG_WARN_UNREACHABLE_CODE = YES;
				CLANG_WARN__DUPLICATE_METHOD_MATCH = YES;
				COPY_PHASE_STRIP = NO;
				DEBUG_INFORMATION_FORMAT = dwarf;
				ENABLE_STRICT_OBJC_MSGSEND = YES;
				ENABLE_TESTABILITY = YES;
				GCC_C_LANGUAGE_STANDARD = gnu11;
				GCC_DYNAMIC_NO_PIC = NO;
				GCC_NO_COMMON_BLOCKS = YES;
				GCC_OPTIMIZATION_LEVEL = 0;
				GCC_PREPROCESSOR_DEFINITIONS = (
					"DEBUG=1",
					"$(inherited)",
				);
				GCC_WARN_64_TO_32_BIT_CONVERSION = YES;
				GCC_WARN_ABOUT_RETURN_TYPE = YES_ERROR;
				GCC_WARN_UNDECLARED_SELECTOR = YES;
				GCC_WARN_UNINITIALIZED_AUTOS = YES_AGGRESSIVE;
				GCC_WARN_UNUSED_FUNCTION = YES;
				GCC_WARN_UNUSED_VARIABLE = YES;
				IPHONEOS_DEPLOYMENT_TARGET = 15.4;
				MTL_ENABLE_DEBUG_INFO = INCLUDE_SOURCE;
				MTL_FAST_MATH = YES;
				ONLY_ACTIVE_ARCH = YES;
				SDKROOT = iphoneos;
				SWIFT_ACTIVE_COMPILATION_CONDITIONS = DEBUG;
				SWIFT_OPTIMIZATION_LEVEL = "-Onone";
			};
			name = Debug;
		};
		AC235AA8280A70BC005E6674 /* Release */ = {
			isa = XCBuildConfiguration;
			buildSettings = {
				ALWAYS_SEARCH_USER_PATHS = NO;
				CLANG_ANALYZER_NONNULL = YES;
				CLANG_ANALYZER_NUMBER_OBJECT_CONVERSION = YES_AGGRESSIVE;
				CLANG_CXX_LANGUAGE_STANDARD = "gnu++17";
				CLANG_ENABLE_MODULES = YES;
				CLANG_ENABLE_OBJC_ARC = YES;
				CLANG_ENABLE_OBJC_WEAK = YES;
				CLANG_WARN_BLOCK_CAPTURE_AUTORELEASING = YES;
				CLANG_WARN_BOOL_CONVERSION = YES;
				CLANG_WARN_COMMA = YES;
				CLANG_WARN_CONSTANT_CONVERSION = YES;
				CLANG_WARN_DEPRECATED_OBJC_IMPLEMENTATIONS = YES;
				CLANG_WARN_DIRECT_OBJC_ISA_USAGE = YES_ERROR;
				CLANG_WARN_DOCUMENTATION_COMMENTS = YES;
				CLANG_WARN_EMPTY_BODY = YES;
				CLANG_WARN_ENUM_CONVERSION = YES;
				CLANG_WARN_INFINITE_RECURSION = YES;
				CLANG_WARN_INT_CONVERSION = YES;
				CLANG_WARN_NON_LITERAL_NULL_CONVERSION = YES;
				CLANG_WARN_OBJC_IMPLICIT_RETAIN_SELF = YES;
				CLANG_WARN_OBJC_LITERAL_CONVERSION = YES;
				CLANG_WARN_OBJC_ROOT_CLASS = YES_ERROR;
				CLANG_WARN_QUOTED_INCLUDE_IN_FRAMEWORK_HEADER = YES;
				CLANG_WARN_RANGE_LOOP_ANALYSIS = YES;
				CLANG_WARN_STRICT_PROTOTYPES = YES;
				CLANG_WARN_SUSPICIOUS_MOVE = YES;
				CLANG_WARN_UNGUARDED_AVAILABILITY = YES_AGGRESSIVE;
				CLANG_WARN_UNREACHABLE_CODE = YES;
				CLANG_WARN__DUPLICATE_METHOD_MATCH = YES;
				COPY_PHASE_STRIP = NO;
				DEBUG_INFORMATION_FORMAT = "dwarf-with-dsym";
				ENABLE_NS_ASSERTIONS = NO;
				ENABLE_STRICT_OBJC_MSGSEND = YES;
				GCC_C_LANGUAGE_STANDARD = gnu11;
				GCC_NO_COMMON_BLOCKS = YES;
				GCC_WARN_64_TO_32_BIT_CONVERSION = YES;
				GCC_WARN_ABOUT_RETURN_TYPE = YES_ERROR;
				GCC_WARN_UNDECLARED_SELECTOR = YES;
				GCC_WARN_UNINITIALIZED_AUTOS = YES_AGGRESSIVE;
				GCC_WARN_UNUSED_FUNCTION = YES;
				GCC_WARN_UNUSED_VARIABLE = YES;
				IPHONEOS_DEPLOYMENT_TARGET = 15.4;
				MTL_ENABLE_DEBUG_INFO = NO;
				MTL_FAST_MATH = YES;
				SDKROOT = iphoneos;
				SWIFT_COMPILATION_MODE = wholemodule;
				SWIFT_OPTIMIZATION_LEVEL = "-O";
				VALIDATE_PRODUCT = YES;
			};
			name = Release;
		};
		AC235AAA280A70BC005E6674 /* Debug */ = {
			isa = XCBuildConfiguration;
			buildSettings = {
				ASSETCATALOG_COMPILER_APPICON_NAME = AppIcon;
				ASSETCATALOG_COMPILER_GLOBAL_ACCENT_COLOR_NAME = AccentColor;
				CODE_SIGN_STYLE = Automatic;
				CURRENT_PROJECT_VERSION = 1;
				GENERATE_INFOPLIST_FILE = YES;
				INFOPLIST_FILE = GoRacing/Info.plist;
				INFOPLIST_KEY_UIApplicationSupportsIndirectInputEvents = YES;
				INFOPLIST_KEY_UILaunchStoryboardName = LaunchScreen;
				INFOPLIST_KEY_UIMainStoryboardFile = Main;
				INFOPLIST_KEY_UISupportedInterfaceOrientations_iPad = "UIInterfaceOrientationPortrait UIInterfaceOrientationPortraitUpsideDown UIInterfaceOrientationLandscapeLeft UIInterfaceOrientationLandscapeRight";
				INFOPLIST_KEY_UISupportedInterfaceOrientations_iPhone = "UIInterfaceOrientationPortrait UIInterfaceOrientationLandscapeLeft UIInterfaceOrientationLandscapeRight";
				LD_RUNPATH_SEARCH_PATHS = (
					"$(inherited)",
					"@executable_path/Frameworks",
				);
				MARKETING_VERSION = 1.0;
				PRODUCT_BUNDLE_IDENTIFIER = "-.GoRacing";
				PRODUCT_NAME = "$(TARGET_NAME)";
				SWIFT_EMIT_LOC_STRINGS = YES;
				SWIFT_VERSION = 5.0;
				TARGETED_DEVICE_FAMILY = "1,2";
			};
			name = Debug;
		};
		AC235AAB280A70BC005E6674 /* Release */ = {
			isa = XCBuildConfiguration;
			buildSettings = {
				ASSETCATALOG_COMPILER_APPICON_NAME = AppIcon;
				ASSETCATALOG_COMPILER_GLOBAL_ACCENT_COLOR_NAME = AccentColor;
				CODE_SIGN_STYLE = Automatic;
				CURRENT_PROJECT_VERSION = 1;
				GENERATE_INFOPLIST_FILE = YES;
				INFOPLIST_FILE = GoRacing/Info.plist;
				INFOPLIST_KEY_UIApplicationSupportsIndirectInputEvents = YES;
				INFOPLIST_KEY_UILaunchStoryboardName = LaunchScreen;
				INFOPLIST_KEY_UIMainStoryboardFile = Main;
				INFOPLIST_KEY_UISupportedInterfaceOrientations_iPad = "UIInterfaceOrientationPortrait UIInterfaceOrientationPortraitUpsideDown UIInterfaceOrientationLandscapeLeft UIInterfaceOrientationLandscapeRight";
				INFOPLIST_KEY_UISupportedInterfaceOrientations_iPhone = "UIInterfaceOrientationPortrait UIInterfaceOrientationLandscapeLeft UIInterfaceOrientationLandscapeRight";
				LD_RUNPATH_SEARCH_PATHS = (
					"$(inherited)",
					"@executable_path/Frameworks",
				);
				MARKETING_VERSION = 1.0;
				PRODUCT_BUNDLE_IDENTIFIER = "-.GoRacing";
				PRODUCT_NAME = "$(TARGET_NAME)";
				SWIFT_EMIT_LOC_STRINGS = YES;
				SWIFT_VERSION = 5.0;
				TARGETED_DEVICE_FAMILY = "1,2";
			};
			name = Release;
		};
		AC235AAD280A70BC005E6674 /* Debug */ = {
			isa = XCBuildConfiguration;
			buildSettings = {
				ALWAYS_EMBED_SWIFT_STANDARD_LIBRARIES = YES;
				BUNDLE_LOADER = "$(TEST_HOST)";
				CODE_SIGN_STYLE = Automatic;
				CURRENT_PROJECT_VERSION = 1;
				GENERATE_INFOPLIST_FILE = YES;
				IPHONEOS_DEPLOYMENT_TARGET = 15.4;
				MARKETING_VERSION = 1.0;
				PRODUCT_BUNDLE_IDENTIFIER = "-.GoRacingTests";
				PRODUCT_NAME = "$(TARGET_NAME)";
				SWIFT_EMIT_LOC_STRINGS = NO;
				SWIFT_VERSION = 5.0;
				TARGETED_DEVICE_FAMILY = "1,2";
				TEST_HOST = "$(BUILT_PRODUCTS_DIR)/GoRacing.app/GoRacing";
			};
			name = Debug;
		};
		AC235AAE280A70BC005E6674 /* Release */ = {
			isa = XCBuildConfiguration;
			buildSettings = {
				ALWAYS_EMBED_SWIFT_STANDARD_LIBRARIES = YES;
				BUNDLE_LOADER = "$(TEST_HOST)";
				CODE_SIGN_STYLE = Automatic;
				CURRENT_PROJECT_VERSION = 1;
				GENERATE_INFOPLIST_FILE = YES;
				IPHONEOS_DEPLOYMENT_TARGET = 15.4;
				MARKETING_VERSION = 1.0;
				PRODUCT_BUNDLE_IDENTIFIER = "-.GoRacingTests";
				PRODUCT_NAME = "$(TARGET_NAME)";
				SWIFT_EMIT_LOC_STRINGS = NO;
				SWIFT_VERSION = 5.0;
				TARGETED_DEVICE_FAMILY = "1,2";
				TEST_HOST = "$(BUILT_PRODUCTS_DIR)/GoRacing.app/GoRacing";
			};
			name = Release;
		};
		AC235AB0280A70BC005E6674 /* Debug */ = {
			isa = XCBuildConfiguration;
			buildSettings = {
				ALWAYS_EMBED_SWIFT_STANDARD_LIBRARIES = YES;
				CODE_SIGN_STYLE = Automatic;
				CURRENT_PROJECT_VERSION = 1;
				GENERATE_INFOPLIST_FILE = YES;
				MARKETING_VERSION = 1.0;
				PRODUCT_BUNDLE_IDENTIFIER = "-.GoRacingUITests";
				PRODUCT_NAME = "$(TARGET_NAME)";
				SWIFT_EMIT_LOC_STRINGS = NO;
				SWIFT_VERSION = 5.0;
				TARGETED_DEVICE_FAMILY = "1,2";
				TEST_TARGET_NAME = GoRacing;
			};
			name = Debug;
		};
		AC235AB1280A70BC005E6674 /* Release */ = {
			isa = XCBuildConfiguration;
			buildSettings = {
				ALWAYS_EMBED_SWIFT_STANDARD_LIBRARIES = YES;
				CODE_SIGN_STYLE = Automatic;
				CURRENT_PROJECT_VERSION = 1;
				GENERATE_INFOPLIST_FILE = YES;
				MARKETING_VERSION = 1.0;
				PRODUCT_BUNDLE_IDENTIFIER = "-.GoRacingUITests";
				PRODUCT_NAME = "$(TARGET_NAME)";
				SWIFT_EMIT_LOC_STRINGS = NO;
				SWIFT_VERSION = 5.0;
				TARGETED_DEVICE_FAMILY = "1,2";
				TEST_TARGET_NAME = GoRacing;
			};
			name = Release;
		};
/* End XCBuildConfiguration section */

/* Begin XCConfigurationList section */
		AC235A7A280A70BA005E6674 /* Build configuration list for PBXProject "GoRacing" */ = {
			isa = XCConfigurationList;
			buildConfigurations = (
				AC235AA7280A70BC005E6674 /* Debug */,
				AC235AA8280A70BC005E6674 /* Release */,
			);
			defaultConfigurationIsVisible = 0;
			defaultConfigurationName = Release;
		};
		AC235AA9280A70BC005E6674 /* Build configuration list for PBXNativeTarget "GoRacing" */ = {
			isa = XCConfigurationList;
			buildConfigurations = (
				AC235AAA280A70BC005E6674 /* Debug */,
				AC235AAB280A70BC005E6674 /* Release */,
			);
			defaultConfigurationIsVisible = 0;
			defaultConfigurationName = Release;
		};
		AC235AAC280A70BC005E6674 /* Build configuration list for PBXNativeTarget "GoRacingTests" */ = {
			isa = XCConfigurationList;
			buildConfigurations = (
				AC235AAD280A70BC005E6674 /* Debug */,
				AC235AAE280A70BC005E6674 /* Release */,
			);
			defaultConfigurationIsVisible = 0;
			defaultConfigurationName = Release;
		};
		AC235AAF280A70BC005E6674 /* Build configuration list for PBXNativeTarget "GoRacingUITests" */ = {
			isa = XCConfigurationList;
			buildConfigurations = (
				AC235AB0280A70BC005E6674 /* Debug */,
				AC235AB1280A70BC005E6674 /* Release */,
			);
			defaultConfigurationIsVisible = 0;
			defaultConfigurationName = Release;
		};
/* End XCConfigurationList section */
	};
	rootObject = AC235A77280A70BA005E6674 /* Project object */;
}
